// !$*UTF8*$!
{
	archiveVersion = 1;
	classes = {
	};
	objectVersion = 48;
	objects = {

/* Begin PBXBuildFile section */
		1C1327872007334F001C77F2 /* AppDelegate.m in Sources */ = {isa = PBXBuildFile; fileRef = 1C1327862007334F001C77F2 /* AppDelegate.m */; };
		1C13278A20073350001C77F2 /* ViewController.m in Sources */ = {isa = PBXBuildFile; fileRef = 1C1327892007334F001C77F2 /* ViewController.m */; };
		1C13278D20073350001C77F2 /* Main.storyboard in Resources */ = {isa = PBXBuildFile; fileRef = 1C13278B20073350001C77F2 /* Main.storyboard */; };
		1C13278F20073350001C77F2 /* Assets.xcassets in Resources */ = {isa = PBXBuildFile; fileRef = 1C13278E20073350001C77F2 /* Assets.xcassets */; };
		1C13279220073350001C77F2 /* LaunchScreen.storyboard in Resources */ = {isa = PBXBuildFile; fileRef = 1C13279020073350001C77F2 /* LaunchScreen.storyboard */; };
		1C13279520073350001C77F2 /* main.m in Sources */ = {isa = PBXBuildFile; fileRef = 1C13279420073350001C77F2 /* main.m */; };
		1C1327A0200733C4001C77F2 /* UIView+CornerRadius.m in Sources */ = {isa = PBXBuildFile; fileRef = 1C13279E200733C3001C77F2 /* UIView+CornerRadius.m */; };
		1C1327A320073417001C77F2 /* EffectView.m in Sources */ = {isa = PBXBuildFile; fileRef = 1C1327A220073417001C77F2 /* EffectView.m */; };
		1C1327A520073428001C77F2 /* EffectView.xib in Resources */ = {isa = PBXBuildFile; fileRef = 1C1327A420073428001C77F2 /* EffectView.xib */; };
		1C92463C200EE61A0049C9D3 /* YXMainTableViewController.m in Sources */ = {isa = PBXBuildFile; fileRef = 1C92463B200EE61A0049C9D3 /* YXMainTableViewController.m */; };
		1C924640200EE6740049C9D3 /* YXTableView.m in Sources */ = {isa = PBXBuildFile; fileRef = 1C92463F200EE6740049C9D3 /* YXTableView.m */; };
		1C924644200EEFD20049C9D3 /* YXTabScrollView.m in Sources */ = {isa = PBXBuildFile; fileRef = 1C924643200EEFD20049C9D3 /* YXTabScrollView.m */; };
		1C924647200EF3720049C9D3 /* YXTabScrollViewController.m in Sources */ = {isa = PBXBuildFile; fileRef = 1C924646200EF3720049C9D3 /* YXTabScrollViewController.m */; };
		1C92464A200EFA1C0049C9D3 /* TempSegmentView.m in Sources */ = {isa = PBXBuildFile; fileRef = 1C924649200EFA1C0049C9D3 /* TempSegmentView.m */; };
		1C92464D200EFAFE0049C9D3 /* MainViewController.m in Sources */ = {isa = PBXBuildFile; fileRef = 1C92464C200EFAFE0049C9D3 /* MainViewController.m */; };
		1C924651200F17160049C9D3 /* FirstViewController.m in Sources */ = {isa = PBXBuildFile; fileRef = 1C924650200F17160049C9D3 /* FirstViewController.m */; };
		1C924654200F17210049C9D3 /* SecondViewController.m in Sources */ = {isa = PBXBuildFile; fileRef = 1C924653200F17210049C9D3 /* SecondViewController.m */; };
		1C924657200F172D0049C9D3 /* ThirdViewController.m in Sources */ = {isa = PBXBuildFile; fileRef = 1C924656200F172D0049C9D3 /* ThirdViewController.m */; };
		1CBDDC3B2019AF6200641DCF /* YXPopContainerView.m in Sources */ = {isa = PBXBuildFile; fileRef = 1CBDDC3A2019AF6200641DCF /* YXPopContainerView.m */; };
		1CBDDC3E2019AF8B00641DCF /* YXPopViewHelper.m in Sources */ = {isa = PBXBuildFile; fileRef = 1CBDDC3D2019AF8B00641DCF /* YXPopViewHelper.m */; };
		1CBDDC412019BAE500641DCF /* UIView+FrameAdditions.m in Sources */ = {isa = PBXBuildFile; fileRef = 1CBDDC402019BAE500641DCF /* UIView+FrameAdditions.m */; };
		1CBDDC452019D1D700641DCF /* YXPoppingAbstractView.m in Sources */ = {isa = PBXBuildFile; fileRef = 1CBDDC442019D1D700641DCF /* YXPoppingAbstractView.m */; };
		1CBDDC4A2019D87200641DCF /* HahahaPopView.xib in Resources */ = {isa = PBXBuildFile; fileRef = 1CBDDC492019D87200641DCF /* HahahaPopView.xib */; };
		1CBDDC4D2019D88700641DCF /* HahahaPopView.m in Sources */ = {isa = PBXBuildFile; fileRef = 1CBDDC4C2019D88700641DCF /* HahahaPopView.m */; };
		1CBDDC50201AC77500641DCF /* YXPopViewManager.m in Sources */ = {isa = PBXBuildFile; fileRef = 1CBDDC4F201AC77500641DCF /* YXPopViewManager.m */; };
		1CE76AB9201C753100681E10 /* UILabel+NormalLabel.m in Sources */ = {isa = PBXBuildFile; fileRef = 1CE76AB5201C753000681E10 /* UILabel+NormalLabel.m */; };
		1CE76ABA201C753100681E10 /* UIView+ViewTool.m in Sources */ = {isa = PBXBuildFile; fileRef = 1CE76AB7201C753100681E10 /* UIView+ViewTool.m */; };
		1CE76ABD201C768B00681E10 /* UIColor+StringColor.m in Sources */ = {isa = PBXBuildFile; fileRef = 1CE76ABC201C768B00681E10 /* UIColor+StringColor.m */; };
		1CE76AC3201F0F0400681E10 /* YXValidationCodeView.m in Sources */ = {isa = PBXBuildFile; fileRef = 1CE76AC2201F0F0400681E10 /* YXValidationCodeView.m */; };
/* End PBXBuildFile section */

/* Begin PBXFileReference section */
		1C1327822007334F001C77F2 /* iOSTools.app */ = {isa = PBXFileReference; explicitFileType = wrapper.application; includeInIndex = 0; path = iOSTools.app; sourceTree = BUILT_PRODUCTS_DIR; };
		1C1327852007334F001C77F2 /* AppDelegate.h */ = {isa = PBXFileReference; lastKnownFileType = sourcecode.c.h; path = AppDelegate.h; sourceTree = "<group>"; };
		1C1327862007334F001C77F2 /* AppDelegate.m */ = {isa = PBXFileReference; lastKnownFileType = sourcecode.c.objc; path = AppDelegate.m; sourceTree = "<group>"; };
		1C1327882007334F001C77F2 /* ViewController.h */ = {isa = PBXFileReference; lastKnownFileType = sourcecode.c.h; path = ViewController.h; sourceTree = "<group>"; };
		1C1327892007334F001C77F2 /* ViewController.m */ = {isa = PBXFileReference; lastKnownFileType = sourcecode.c.objc; path = ViewController.m; sourceTree = "<group>"; };
		1C13278C20073350001C77F2 /* Base */ = {isa = PBXFileReference; lastKnownFileType = file.storyboard; name = Base; path = Base.lproj/Main.storyboard; sourceTree = "<group>"; };
		1C13278E20073350001C77F2 /* Assets.xcassets */ = {isa = PBXFileReference; lastKnownFileType = folder.assetcatalog; path = Assets.xcassets; sourceTree = "<group>"; };
		1C13279120073350001C77F2 /* Base */ = {isa = PBXFileReference; lastKnownFileType = file.storyboard; name = Base; path = Base.lproj/LaunchScreen.storyboard; sourceTree = "<group>"; };
		1C13279320073350001C77F2 /* Info.plist */ = {isa = PBXFileReference; lastKnownFileType = text.plist.xml; path = Info.plist; sourceTree = "<group>"; };
		1C13279420073350001C77F2 /* main.m */ = {isa = PBXFileReference; lastKnownFileType = sourcecode.c.objc; path = main.m; sourceTree = "<group>"; };
		1C13279E200733C3001C77F2 /* UIView+CornerRadius.m */ = {isa = PBXFileReference; fileEncoding = 4; lastKnownFileType = sourcecode.c.objc; path = "UIView+CornerRadius.m"; sourceTree = "<group>"; };
		1C13279F200733C4001C77F2 /* UIView+CornerRadius.h */ = {isa = PBXFileReference; fileEncoding = 4; lastKnownFileType = sourcecode.c.h; path = "UIView+CornerRadius.h"; sourceTree = "<group>"; };
		1C1327A120073417001C77F2 /* EffectView.h */ = {isa = PBXFileReference; lastKnownFileType = sourcecode.c.h; path = EffectView.h; sourceTree = "<group>"; };
		1C1327A220073417001C77F2 /* EffectView.m */ = {isa = PBXFileReference; lastKnownFileType = sourcecode.c.objc; path = EffectView.m; sourceTree = "<group>"; };
		1C1327A420073428001C77F2 /* EffectView.xib */ = {isa = PBXFileReference; lastKnownFileType = file.xib; path = EffectView.xib; sourceTree = "<group>"; };
		1C92463A200EE61A0049C9D3 /* YXMainTableViewController.h */ = {isa = PBXFileReference; lastKnownFileType = sourcecode.c.h; path = YXMainTableViewController.h; sourceTree = "<group>"; };
		1C92463B200EE61A0049C9D3 /* YXMainTableViewController.m */ = {isa = PBXFileReference; lastKnownFileType = sourcecode.c.objc; path = YXMainTableViewController.m; sourceTree = "<group>"; };
		1C92463E200EE6740049C9D3 /* YXTableView.h */ = {isa = PBXFileReference; lastKnownFileType = sourcecode.c.h; path = YXTableView.h; sourceTree = "<group>"; };
		1C92463F200EE6740049C9D3 /* YXTableView.m */ = {isa = PBXFileReference; lastKnownFileType = sourcecode.c.objc; path = YXTableView.m; sourceTree = "<group>"; };
		1C924642200EEFD20049C9D3 /* YXTabScrollView.h */ = {isa = PBXFileReference; lastKnownFileType = sourcecode.c.h; path = YXTabScrollView.h; sourceTree = "<group>"; };
		1C924643200EEFD20049C9D3 /* YXTabScrollView.m */ = {isa = PBXFileReference; lastKnownFileType = sourcecode.c.objc; path = YXTabScrollView.m; sourceTree = "<group>"; };
		1C924645200EF3720049C9D3 /* YXTabScrollViewController.h */ = {isa = PBXFileReference; lastKnownFileType = sourcecode.c.h; path = YXTabScrollViewController.h; sourceTree = "<group>"; };
		1C924646200EF3720049C9D3 /* YXTabScrollViewController.m */ = {isa = PBXFileReference; lastKnownFileType = sourcecode.c.objc; path = YXTabScrollViewController.m; sourceTree = "<group>"; };
		1C924648200EFA1C0049C9D3 /* TempSegmentView.h */ = {isa = PBXFileReference; lastKnownFileType = sourcecode.c.h; path = TempSegmentView.h; sourceTree = "<group>"; };
		1C924649200EFA1C0049C9D3 /* TempSegmentView.m */ = {isa = PBXFileReference; lastKnownFileType = sourcecode.c.objc; path = TempSegmentView.m; sourceTree = "<group>"; };
		1C92464B200EFAFE0049C9D3 /* MainViewController.h */ = {isa = PBXFileReference; lastKnownFileType = sourcecode.c.h; path = MainViewController.h; sourceTree = "<group>"; };
		1C92464C200EFAFE0049C9D3 /* MainViewController.m */ = {isa = PBXFileReference; lastKnownFileType = sourcecode.c.objc; path = MainViewController.m; sourceTree = "<group>"; };
		1C92464F200F17160049C9D3 /* FirstViewController.h */ = {isa = PBXFileReference; lastKnownFileType = sourcecode.c.h; path = FirstViewController.h; sourceTree = "<group>"; };
		1C924650200F17160049C9D3 /* FirstViewController.m */ = {isa = PBXFileReference; lastKnownFileType = sourcecode.c.objc; path = FirstViewController.m; sourceTree = "<group>"; };
		1C924652200F17210049C9D3 /* SecondViewController.h */ = {isa = PBXFileReference; lastKnownFileType = sourcecode.c.h; path = SecondViewController.h; sourceTree = "<group>"; };
		1C924653200F17210049C9D3 /* SecondViewController.m */ = {isa = PBXFileReference; lastKnownFileType = sourcecode.c.objc; path = SecondViewController.m; sourceTree = "<group>"; };
		1C924655200F172D0049C9D3 /* ThirdViewController.h */ = {isa = PBXFileReference; lastKnownFileType = sourcecode.c.h; path = ThirdViewController.h; sourceTree = "<group>"; };
		1C924656200F172D0049C9D3 /* ThirdViewController.m */ = {isa = PBXFileReference; lastKnownFileType = sourcecode.c.objc; path = ThirdViewController.m; sourceTree = "<group>"; };
		1CBDDC392019AF6200641DCF /* YXPopContainerView.h */ = {isa = PBXFileReference; lastKnownFileType = sourcecode.c.h; path = YXPopContainerView.h; sourceTree = "<group>"; };
		1CBDDC3A2019AF6200641DCF /* YXPopContainerView.m */ = {isa = PBXFileReference; lastKnownFileType = sourcecode.c.objc; path = YXPopContainerView.m; sourceTree = "<group>"; };
		1CBDDC3C2019AF8B00641DCF /* YXPopViewHelper.h */ = {isa = PBXFileReference; lastKnownFileType = sourcecode.c.h; path = YXPopViewHelper.h; sourceTree = "<group>"; };
		1CBDDC3D2019AF8B00641DCF /* YXPopViewHelper.m */ = {isa = PBXFileReference; lastKnownFileType = sourcecode.c.objc; path = YXPopViewHelper.m; sourceTree = "<group>"; };
		1CBDDC3F2019BAE500641DCF /* UIView+FrameAdditions.h */ = {isa = PBXFileReference; lastKnownFileType = sourcecode.c.h; path = "UIView+FrameAdditions.h"; sourceTree = "<group>"; };
		1CBDDC402019BAE500641DCF /* UIView+FrameAdditions.m */ = {isa = PBXFileReference; lastKnownFileType = sourcecode.c.objc; path = "UIView+FrameAdditions.m"; sourceTree = "<group>"; };
		1CBDDC422019BCBB00641DCF /* YuexizTools.h */ = {isa = PBXFileReference; lastKnownFileType = sourcecode.c.h; path = YuexizTools.h; sourceTree = "<group>"; };
		1CBDDC432019D1D700641DCF /* YXPoppingAbstractView.h */ = {isa = PBXFileReference; lastKnownFileType = sourcecode.c.h; path = YXPoppingAbstractView.h; sourceTree = "<group>"; };
		1CBDDC442019D1D700641DCF /* YXPoppingAbstractView.m */ = {isa = PBXFileReference; lastKnownFileType = sourcecode.c.objc; path = YXPoppingAbstractView.m; sourceTree = "<group>"; };
		1CBDDC492019D87200641DCF /* HahahaPopView.xib */ = {isa = PBXFileReference; lastKnownFileType = file.xib; path = HahahaPopView.xib; sourceTree = "<group>"; };
		1CBDDC4B2019D88700641DCF /* HahahaPopView.h */ = {isa = PBXFileReference; lastKnownFileType = sourcecode.c.h; path = HahahaPopView.h; sourceTree = "<group>"; };
		1CBDDC4C2019D88700641DCF /* HahahaPopView.m */ = {isa = PBXFileReference; lastKnownFileType = sourcecode.c.objc; path = HahahaPopView.m; sourceTree = "<group>"; };
		1CBDDC4E201AC77500641DCF /* YXPopViewManager.h */ = {isa = PBXFileReference; lastKnownFileType = sourcecode.c.h; path = YXPopViewManager.h; sourceTree = "<group>"; };
		1CBDDC4F201AC77500641DCF /* YXPopViewManager.m */ = {isa = PBXFileReference; lastKnownFileType = sourcecode.c.objc; path = YXPopViewManager.m; sourceTree = "<group>"; };
		1CE76AB5201C753000681E10 /* UILabel+NormalLabel.m */ = {isa = PBXFileReference; fileEncoding = 4; lastKnownFileType = sourcecode.c.objc; path = "UILabel+NormalLabel.m"; sourceTree = "<group>"; };
		1CE76AB6201C753100681E10 /* UIView+ViewTool.h */ = {isa = PBXFileReference; fileEncoding = 4; lastKnownFileType = sourcecode.c.h; path = "UIView+ViewTool.h"; sourceTree = "<group>"; };
		1CE76AB7201C753100681E10 /* UIView+ViewTool.m */ = {isa = PBXFileReference; fileEncoding = 4; lastKnownFileType = sourcecode.c.objc; path = "UIView+ViewTool.m"; sourceTree = "<group>"; };
		1CE76AB8201C753100681E10 /* UILabel+NormalLabel.h */ = {isa = PBXFileReference; fileEncoding = 4; lastKnownFileType = sourcecode.c.h; path = "UILabel+NormalLabel.h"; sourceTree = "<group>"; };
		1CE76ABB201C768B00681E10 /* UIColor+StringColor.h */ = {isa = PBXFileReference; lastKnownFileType = sourcecode.c.h; path = "UIColor+StringColor.h"; sourceTree = "<group>"; };
		1CE76ABC201C768B00681E10 /* UIColor+StringColor.m */ = {isa = PBXFileReference; lastKnownFileType = sourcecode.c.objc; path = "UIColor+StringColor.m"; sourceTree = "<group>"; };
		1CE76AC1201F0F0400681E10 /* YXValidationCodeView.h */ = {isa = PBXFileReference; lastKnownFileType = sourcecode.c.h; path = YXValidationCodeView.h; sourceTree = "<group>"; };
		1CE76AC2201F0F0400681E10 /* YXValidationCodeView.m */ = {isa = PBXFileReference; lastKnownFileType = sourcecode.c.objc; path = YXValidationCodeView.m; sourceTree = "<group>"; };
/* End PBXFileReference section */

/* Begin PBXFrameworksBuildPhase section */
		1C13277F2007334F001C77F2 /* Frameworks */ = {
			isa = PBXFrameworksBuildPhase;
			buildActionMask = 2147483647;
			files = (
			);
			runOnlyForDeploymentPostprocessing = 0;
		};
/* End PBXFrameworksBuildPhase section */

/* Begin PBXGroup section */
		1C1327792007334F001C77F2 = {
			isa = PBXGroup;
			children = (
				1C1327842007334F001C77F2 /* iOSTools */,
				1C1327832007334F001C77F2 /* Products */,
			);
			sourceTree = "<group>";
		};
		1C1327832007334F001C77F2 /* Products */ = {
			isa = PBXGroup;
			children = (
				1C1327822007334F001C77F2 /* iOSTools.app */,
			);
			name = Products;
			sourceTree = "<group>";
		};
		1C1327842007334F001C77F2 /* iOSTools */ = {
			isa = PBXGroup;
			children = (
				1C924641200EEF900049C9D3 /* YXSegmentView */,
				1C92463D200EE6390049C9D3 /* YXTableView */,
				1CBDDC382019AF4300641DCF /* YXPopView */,
				1C13279D2007339A001C77F2 /* tools */,
				1C1327852007334F001C77F2 /* AppDelegate.h */,
				1C1327862007334F001C77F2 /* AppDelegate.m */,
				1C1327882007334F001C77F2 /* ViewController.h */,
				1C1327892007334F001C77F2 /* ViewController.m */,
				1C92464B200EFAFE0049C9D3 /* MainViewController.h */,
				1C92464C200EFAFE0049C9D3 /* MainViewController.m */,
				1CBDDC4B2019D88700641DCF /* HahahaPopView.h */,
				1CBDDC4C2019D88700641DCF /* HahahaPopView.m */,
				1CBDDC492019D87200641DCF /* HahahaPopView.xib */,
				1C92464E200EFEAC0049C9D3 /* ThreeVC */,
				1C1327A120073417001C77F2 /* EffectView.h */,
				1C1327A220073417001C77F2 /* EffectView.m */,
				1C1327A420073428001C77F2 /* EffectView.xib */,
				1C13278B20073350001C77F2 /* Main.storyboard */,
				1C13278E20073350001C77F2 /* Assets.xcassets */,
				1C13279020073350001C77F2 /* LaunchScreen.storyboard */,
				1C13279320073350001C77F2 /* Info.plist */,
				1C13279420073350001C77F2 /* main.m */,
			);
			path = iOSTools;
			sourceTree = "<group>";
		};
		1C13279D2007339A001C77F2 /* tools */ = {
			isa = PBXGroup;
			children = (
				1CBDDC422019BCBB00641DCF /* YuexizTools.h */,
				1CE76AB8201C753100681E10 /* UILabel+NormalLabel.h */,
				1CE76AB5201C753000681E10 /* UILabel+NormalLabel.m */,
				1CE76AB6201C753100681E10 /* UIView+ViewTool.h */,
				1CE76AB7201C753100681E10 /* UIView+ViewTool.m */,
				1C13279F200733C4001C77F2 /* UIView+CornerRadius.h */,
				1C13279E200733C3001C77F2 /* UIView+CornerRadius.m */,
				1CBDDC3F2019BAE500641DCF /* UIView+FrameAdditions.h */,
				1CBDDC402019BAE500641DCF /* UIView+FrameAdditions.m */,
				1CE76ABB201C768B00681E10 /* UIColor+StringColor.h */,
				1CE76ABC201C768B00681E10 /* UIColor+StringColor.m */,
				1CE76AC1201F0F0400681E10 /* YXValidationCodeView.h */,
				1CE76AC2201F0F0400681E10 /* YXValidationCodeView.m */,
			);
			path = tools;
			sourceTree = "<group>";
		};
		1C92463D200EE6390049C9D3 /* YXTableView */ = {
			isa = PBXGroup;
			children = (
				1C92463A200EE61A0049C9D3 /* YXMainTableViewController.h */,
				1C92463B200EE61A0049C9D3 /* YXMainTableViewController.m */,
				1C92463E200EE6740049C9D3 /* YXTableView.h */,
				1C92463F200EE6740049C9D3 /* YXTableView.m */,
				1C924648200EFA1C0049C9D3 /* TempSegmentView.h */,
				1C924649200EFA1C0049C9D3 /* TempSegmentView.m */,
			);
			path = YXTableView;
			sourceTree = "<group>";
		};
		1C924641200EEF900049C9D3 /* YXSegmentView */ = {
			isa = PBXGroup;
			children = (
				1C924642200EEFD20049C9D3 /* YXTabScrollView.h */,
				1C924643200EEFD20049C9D3 /* YXTabScrollView.m */,
				1C924645200EF3720049C9D3 /* YXTabScrollViewController.h */,
				1C924646200EF3720049C9D3 /* YXTabScrollViewController.m */,
			);
			path = YXSegmentView;
			sourceTree = "<group>";
		};
		1C92464E200EFEAC0049C9D3 /* ThreeVC */ = {
			isa = PBXGroup;
			children = (
				1C92464F200F17160049C9D3 /* FirstViewController.h */,
				1C924650200F17160049C9D3 /* FirstViewController.m */,
				1C924652200F17210049C9D3 /* SecondViewController.h */,
				1C924653200F17210049C9D3 /* SecondViewController.m */,
				1C924655200F172D0049C9D3 /* ThirdViewController.h */,
				1C924656200F172D0049C9D3 /* ThirdViewController.m */,
			);
			path = ThreeVC;
			sourceTree = "<group>";
		};
		1CBDDC382019AF4300641DCF /* YXPopView */ = {
			isa = PBXGroup;
			children = (
				1CBDDC392019AF6200641DCF /* YXPopContainerView.h */,
				1CBDDC3A2019AF6200641DCF /* YXPopContainerView.m */,
				1CBDDC432019D1D700641DCF /* YXPoppingAbstractView.h */,
				1CBDDC442019D1D700641DCF /* YXPoppingAbstractView.m */,
				1CBDDC3C2019AF8B00641DCF /* YXPopViewHelper.h */,
				1CBDDC3D2019AF8B00641DCF /* YXPopViewHelper.m */,
				1CBDDC4E201AC77500641DCF /* YXPopViewManager.h */,
				1CBDDC4F201AC77500641DCF /* YXPopViewManager.m */,
			);
			path = YXPopView;
			sourceTree = "<group>";
		};
/* End PBXGroup section */

/* Begin PBXNativeTarget section */
		1C1327812007334F001C77F2 /* iOSTools */ = {
			isa = PBXNativeTarget;
			buildConfigurationList = 1C13279820073350001C77F2 /* Build configuration list for PBXNativeTarget "iOSTools" */;
			buildPhases = (
				1C13277E2007334F001C77F2 /* Sources */,
				1C13277F2007334F001C77F2 /* Frameworks */,
				1C1327802007334F001C77F2 /* Resources */,
			);
			buildRules = (
			);
			dependencies = (
			);
			name = iOSTools;
			productName = iOSTools;
			productReference = 1C1327822007334F001C77F2 /* iOSTools.app */;
			productType = "com.apple.product-type.application";
		};
/* End PBXNativeTarget section */

/* Begin PBXProject section */
		1C13277A2007334F001C77F2 /* Project object */ = {
			isa = PBXProject;
			attributes = {
				LastUpgradeCheck = 0920;
				ORGANIZATIONNAME = "张跃曦";
				TargetAttributes = {
					1C1327812007334F001C77F2 = {
						CreatedOnToolsVersion = 9.2;
						ProvisioningStyle = Automatic;
					};
				};
			};
			buildConfigurationList = 1C13277D2007334F001C77F2 /* Build configuration list for PBXProject "iOSTools" */;
			compatibilityVersion = "Xcode 8.0";
			developmentRegion = en;
			hasScannedForEncodings = 0;
			knownRegions = (
				en,
				Base,
			);
			mainGroup = 1C1327792007334F001C77F2;
			productRefGroup = 1C1327832007334F001C77F2 /* Products */;
			projectDirPath = "";
			projectRoot = "";
			targets = (
				1C1327812007334F001C77F2 /* iOSTools */,
			);
		};
/* End PBXProject section */

/* Begin PBXResourcesBuildPhase section */
		1C1327802007334F001C77F2 /* Resources */ = {
			isa = PBXResourcesBuildPhase;
			buildActionMask = 2147483647;
			files = (
				1C13279220073350001C77F2 /* LaunchScreen.storyboard in Resources */,
				1C13278F20073350001C77F2 /* Assets.xcassets in Resources */,
				1C13278D20073350001C77F2 /* Main.storyboard in Resources */,
				1CBDDC4A2019D87200641DCF /* HahahaPopView.xib in Resources */,
				1C1327A520073428001C77F2 /* EffectView.xib in Resources */,
			);
			runOnlyForDeploymentPostprocessing = 0;
		};
/* End PBXResourcesBuildPhase section */

/* Begin PBXSourcesBuildPhase section */
		1C13277E2007334F001C77F2 /* Sources */ = {
			isa = PBXSourcesBuildPhase;
			buildActionMask = 2147483647;
			files = (
				1C92464D200EFAFE0049C9D3 /* MainViewController.m in Sources */,
				1C924654200F17210049C9D3 /* SecondViewController.m in Sources */,
				1C924640200EE6740049C9D3 /* YXTableView.m in Sources */,
				1C13278A20073350001C77F2 /* ViewController.m in Sources */,
				1C1327A320073417001C77F2 /* EffectView.m in Sources */,
				1C924647200EF3720049C9D3 /* YXTabScrollViewController.m in Sources */,
				1C924657200F172D0049C9D3 /* ThirdViewController.m in Sources */,
				1CE76ABA201C753100681E10 /* UIView+ViewTool.m in Sources */,
				1CBDDC3E2019AF8B00641DCF /* YXPopViewHelper.m in Sources */,
				1C13279520073350001C77F2 /* main.m in Sources */,
				1CBDDC452019D1D700641DCF /* YXPoppingAbstractView.m in Sources */,
				1CE76AB9201C753100681E10 /* UILabel+NormalLabel.m in Sources */,
				1CBDDC412019BAE500641DCF /* UIView+FrameAdditions.m in Sources */,
				1CBDDC50201AC77500641DCF /* YXPopViewManager.m in Sources */,
				1C1327872007334F001C77F2 /* AppDelegate.m in Sources */,
				1C924651200F17160049C9D3 /* FirstViewController.m in Sources */,
				1C92464A200EFA1C0049C9D3 /* TempSegmentView.m in Sources */,
				1CBDDC3B2019AF6200641DCF /* YXPopContainerView.m in Sources */,
				1C1327A0200733C4001C77F2 /* UIView+CornerRadius.m in Sources */,
				1CE76AC3201F0F0400681E10 /* YXValidationCodeView.m in Sources */,
				1CBDDC4D2019D88700641DCF /* HahahaPopView.m in Sources */,
				1CE76ABD201C768B00681E10 /* UIColor+StringColor.m in Sources */,
				1C924644200EEFD20049C9D3 /* YXTabScrollView.m in Sources */,
				1C92463C200EE61A0049C9D3 /* YXMainTableViewController.m in Sources */,
			);
			runOnlyForDeploymentPostprocessing = 0;
		};
/* End PBXSourcesBuildPhase section */

/* Begin PBXVariantGroup section */
		1C13278B20073350001C77F2 /* Main.storyboard */ = {
			isa = PBXVariantGroup;
			children = (
				1C13278C20073350001C77F2 /* Base */,
			);
			name = Main.storyboard;
			sourceTree = "<group>";
		};
		1C13279020073350001C77F2 /* LaunchScreen.storyboard */ = {
			isa = PBXVariantGroup;
			children = (
				1C13279120073350001C77F2 /* Base */,
			);
			name = LaunchScreen.storyboard;
			sourceTree = "<group>";
		};
/* End PBXVariantGroup section */

/* Begin XCBuildConfiguration section */
		1C13279620073350001C77F2 /* Debug */ = {
			isa = XCBuildConfiguration;
			buildSettings = {
				ALWAYS_SEARCH_USER_PATHS = NO;
				CLANG_ANALYZER_NONNULL = YES;
				CLANG_ANALYZER_NUMBER_OBJECT_CONVERSION = YES_AGGRESSIVE;
				CLANG_CXX_LANGUAGE_STANDARD = "gnu++14";
				CLANG_CXX_LIBRARY = "libc++";
				CLANG_ENABLE_MODULES = YES;
				CLANG_ENABLE_OBJC_ARC = YES;
				CLANG_WARN_BLOCK_CAPTURE_AUTORELEASING = YES;
				CLANG_WARN_BOOL_CONVERSION = YES;
				CLANG_WARN_COMMA = YES;
				CLANG_WARN_CONSTANT_CONVERSION = YES;
				CLANG_WARN_DIRECT_OBJC_ISA_USAGE = YES_ERROR;
				CLANG_WARN_DOCUMENTATION_COMMENTS = YES;
				CLANG_WARN_EMPTY_BODY = YES;
				CLANG_WARN_ENUM_CONVERSION = YES;
				CLANG_WARN_INFINITE_RECURSION = YES;
				CLANG_WARN_INT_CONVERSION = YES;
				CLANG_WARN_NON_LITERAL_NULL_CONVERSION = YES;
				CLANG_WARN_OBJC_LITERAL_CONVERSION = YES;
				CLANG_WARN_OBJC_ROOT_CLASS = YES_ERROR;
				CLANG_WARN_RANGE_LOOP_ANALYSIS = YES;
				CLANG_WARN_STRICT_PROTOTYPES = YES;
				CLANG_WARN_SUSPICIOUS_MOVE = YES;
				CLANG_WARN_UNGUARDED_AVAILABILITY = YES_AGGRESSIVE;
				CLANG_WARN_UNREACHABLE_CODE = YES;
				CLANG_WARN__DUPLICATE_METHOD_MATCH = YES;
				CODE_SIGN_IDENTITY = "iPhone Developer";
				COPY_PHASE_STRIP = NO;
				DEBUG_INFORMATION_FORMAT = dwarf;
				ENABLE_STRICT_OBJC_MSGSEND = YES;
				ENABLE_TESTABILITY = YES;
				GCC_C_LANGUAGE_STANDARD = gnu11;
				GCC_DYNAMIC_NO_PIC = NO;
				GCC_NO_COMMON_BLOCKS = YES;
				GCC_OPTIMIZATION_LEVEL = 0;
				GCC_PREPROCESSOR_DEFINITIONS = (
					"DEBUG=1",
					"$(inherited)",
				);
				GCC_WARN_64_TO_32_BIT_CONVERSION = YES;
				GCC_WARN_ABOUT_RETURN_TYPE = YES_ERROR;
				GCC_WARN_UNDECLARED_SELECTOR = YES;
				GCC_WARN_UNINITIALIZED_AUTOS = YES_AGGRESSIVE;
				GCC_WARN_UNUSED_FUNCTION = YES;
				GCC_WARN_UNUSED_VARIABLE = YES;
				IPHONEOS_DEPLOYMENT_TARGET = 11.2;
				MTL_ENABLE_DEBUG_INFO = YES;
				ONLY_ACTIVE_ARCH = YES;
				SDKROOT = iphoneos;
			};
			name = Debug;
		};
		1C13279720073350001C77F2 /* Release */ = {
			isa = XCBuildConfiguration;
			buildSettings = {
				ALWAYS_SEARCH_USER_PATHS = NO;
				CLANG_ANALYZER_NONNULL = YES;
				CLANG_ANALYZER_NUMBER_OBJECT_CONVERSION = YES_AGGRESSIVE;
				CLANG_CXX_LANGUAGE_STANDARD = "gnu++14";
				CLANG_CXX_LIBRARY = "libc++";
				CLANG_ENABLE_MODULES = YES;
				CLANG_ENABLE_OBJC_ARC = YES;
				CLANG_WARN_BLOCK_CAPTURE_AUTORELEASING = YES;
				CLANG_WARN_BOOL_CONVERSION = YES;
				CLANG_WARN_COMMA = YES;
				CLANG_WARN_CONSTANT_CONVERSION = YES;
				CLANG_WARN_DIRECT_OBJC_ISA_USAGE = YES_ERROR;
				CLANG_WARN_DOCUMENTATION_COMMENTS = YES;
				CLANG_WARN_EMPTY_BODY = YES;
				CLANG_WARN_ENUM_CONVERSION = YES;
				CLANG_WARN_INFINITE_RECURSION = YES;
				CLANG_WARN_INT_CONVERSION = YES;
				CLANG_WARN_NON_LITERAL_NULL_CONVERSION = YES;
				CLANG_WARN_OBJC_LITERAL_CONVERSION = YES;
				CLANG_WARN_OBJC_ROOT_CLASS = YES_ERROR;
				CLANG_WARN_RANGE_LOOP_ANALYSIS = YES;
				CLANG_WARN_STRICT_PROTOTYPES = YES;
				CLANG_WARN_SUSPICIOUS_MOVE = YES;
				CLANG_WARN_UNGUARDED_AVAILABILITY = YES_AGGRESSIVE;
				CLANG_WARN_UNREACHABLE_CODE = YES;
				CLANG_WARN__DUPLICATE_METHOD_MATCH = YES;
				CODE_SIGN_IDENTITY = "iPhone Developer";
				COPY_PHASE_STRIP = NO;
				DEBUG_INFORMATION_FORMAT = "dwarf-with-dsym";
				ENABLE_NS_ASSERTIONS = NO;
				ENABLE_STRICT_OBJC_MSGSEND = YES;
				GCC_C_LANGUAGE_STANDARD = gnu11;
				GCC_NO_COMMON_BLOCKS = YES;
				GCC_WARN_64_TO_32_BIT_CONVERSION = YES;
				GCC_WARN_ABOUT_RETURN_TYPE = YES_ERROR;
				GCC_WARN_UNDECLARED_SELECTOR = YES;
				GCC_WARN_UNINITIALIZED_AUTOS = YES_AGGRESSIVE;
				GCC_WARN_UNUSED_FUNCTION = YES;
				GCC_WARN_UNUSED_VARIABLE = YES;
				IPHONEOS_DEPLOYMENT_TARGET = 11.2;
				MTL_ENABLE_DEBUG_INFO = NO;
				SDKROOT = iphoneos;
				VALIDATE_PRODUCT = YES;
			};
			name = Release;
		};
		1C13279920073350001C77F2 /* Debug */ = {
			isa = XCBuildConfiguration;
			buildSettings = {
				ASSETCATALOG_COMPILER_APPICON_NAME = AppIcon;
				CODE_SIGN_STYLE = Automatic;
				DEVELOPMENT_TEAM = 4PVKRR6747;
				INFOPLIST_FILE = iOSTools/Info.plist;
				IPHONEOS_DEPLOYMENT_TARGET = 9.0;
				LD_RUNPATH_SEARCH_PATHS = "$(inherited) @executable_path/Frameworks";
				PRODUCT_BUNDLE_IDENTIFIER = com.yuexiz.iOSTools;
				PRODUCT_NAME = "$(TARGET_NAME)";
				TARGETED_DEVICE_FAMILY = "1,2";
			};
			name = Debug;
		};
		1C13279A20073350001C77F2 /* Release */ = {
			isa = XCBuildConfiguration;
			buildSettings = {
				ASSETCATALOG_COMPILER_APPICON_NAME = AppIcon;
				CODE_SIGN_STYLE = Automatic;
				DEVELOPMENT_TEAM = 4PVKRR6747;
				INFOPLIST_FILE = iOSTools/Info.plist;
				IPHONEOS_DEPLOYMENT_TARGET = 9.0;
				LD_RUNPATH_SEARCH_PATHS = "$(inherited) @executable_path/Frameworks";
				PRODUCT_BUNDLE_IDENTIFIER = com.yuexiz.iOSTools;
				PRODUCT_NAME = "$(TARGET_NAME)";
				TARGETED_DEVICE_FAMILY = "1,2";
			};
			name = Release;
		};
/* End XCBuildConfiguration section */

/* Begin XCConfigurationList section */
		1C13277D2007334F001C77F2 /* Build configuration list for PBXProject "iOSTools" */ = {
			isa = XCConfigurationList;
			buildConfigurations = (
				1C13279620073350001C77F2 /* Debug */,
				1C13279720073350001C77F2 /* Release */,
			);
			defaultConfigurationIsVisible = 0;
			defaultConfigurationName = Release;
		};
		1C13279820073350001C77F2 /* Build configuration list for PBXNativeTarget "iOSTools" */ = {
			isa = XCConfigurationList;
			buildConfigurations = (
				1C13279920073350001C77F2 /* Debug */,
				1C13279A20073350001C77F2 /* Release */,
			);
			defaultConfigurationIsVisible = 0;
			defaultConfigurationName = Release;
		};
/* End XCConfigurationList section */
	};
	rootObject = 1C13277A2007334F001C77F2 /* Project object */;
}
